Microsoft Visual Studio Solution File, Format Version 12.00
# Visual Studio Version 17
VisualStudioVersion = 17.0.31912.275
MinimumVisualStudioVersion = 10.0.40219.1
Project("{9A19103F-16F7-4668-BE54-9A1E7A4F7556}") = "ToolSimulator", "ToolSimulator/ToolSimulator.csproj", "{2BA927DE-5C49-4DFC-AB04-BF8A5A176FA6}"
EndProject
Project("{9A19103F-16F7-4668-BE54-9A1E7A4F7556}") = "Shared", "Shared/Shared.csproj", "{06513D4A-7C26-424E-947C-B26FF0F311FD}"
EndProject
Project("{9A19103F-16F7-4668-BE54-9A1E7A4F7556}") = "ControllerService", "ControllerService/ControllerService.csproj", "{DB041CA0-A6DC-4363-A44B-56CF51B9B8E2}"
EndProject
Project("{9A19103F-16F7-4668-BE54-9A1E7A4F7556}") = "UnitTests", "../tests/UnitTests/UnitTests.csproj", "{C95EBBBD-E585-46CF-8311-F462F0001697}"
EndProject
Project("{9A19103F-16F7-4668-BE54-9A1E7A4F7556}") = "IntegrationTests", "../tests/IntegrationTests/IntegrationTests.csproj", "{F59D7708-071E-4335-969B-7BC3210C5B21}"
EndProject
Global
  GlobalSection(SolutionConfigurationPlatforms) = preSolution
    Debug|Any CPU = Debug|Any CPU
    Release|Any CPU = Release|Any CPU
  EndGlobalSection
  GlobalSection(ProjectConfigurationPlatforms) = postSolution
    {2BA927DE-5C49-4DFC-AB04-BF8A5A176FA6}.Debug|Any CPU.ActiveCfg = Debug|Any CPU
    {2BA927DE-5C49-4DFC-AB04-BF8A5A176FA6}.Debug|Any CPU.Build.0 = Debug|Any CPU
    {2BA927DE-5C49-4DFC-AB04-BF8A5A176FA6}.Release|Any CPU.ActiveCfg = Release|Any CPU
    {2BA927DE-5C49-4DFC-AB04-BF8A5A176FA6}.Release|Any CPU.Build.0 = Release|Any CPU
    {06513D4A-7C26-424E-947C-B26FF0F311FD}.Debug|Any CPU.ActiveCfg = Debug|Any CPU
    {06513D4A-7C26-424E-947C-B26FF0F311FD}.Debug|Any CPU.Build.0 = Debug|Any CPU
    {06513D4A-7C26-424E-947C-B26FF0F311FD}.Release|Any CPU.ActiveCfg = Release|Any CPU
    {06513D4A-7C26-424E-947C-B26FF0F311FD}.Release|Any CPU.Build.0 = Release|Any CPU
    {DB041CA0-A6DC-4363-A44B-56CF51B9B8E2}.Debug|Any CPU.ActiveCfg = Debug|Any CPU
    {DB041CA0-A6DC-4363-A44B-56CF51B9B8E2}.Debug|Any CPU.Build.0 = Debug|Any CPU
    {DB041CA0-A6DC-4363-A44B-56CF51B9B8E2}.Release|Any CPU.ActiveCfg = Release|Any CPU
    {DB041CA0-A6DC-4363-A44B-56CF51B9B8E2}.Release|Any CPU.Build.0 = Release|Any CPU
    {C95EBBBD-E585-46CF-8311-F462F0001697}.Debug|Any CPU.ActiveCfg = Debug|Any CPU
    {C95EBBBD-E585-46CF-8311-F462F0001697}.Debug|Any CPU.Build.0 = Debug|Any CPU
    {C95EBBBD-E585-46CF-8311-F462F0001697}.Release|Any CPU.ActiveCfg = Release|Any CPU
    {C95EBBBD-E585-46CF-8311-F462F0001697}.Release|Any CPU.Build.0 = Release|Any CPU
    {F59D7708-071E-4335-969B-7BC3210C5B21}.Debug|Any CPU.ActiveCfg = Debug|Any CPU
    {F59D7708-071E-4335-969B-7BC3210C5B21}.Debug|Any CPU.Build.0 = Debug|Any CPU
    {F59D7708-071E-4335-969B-7BC3210C5B21}.Release|Any CPU.ActiveCfg = Release|Any CPU
    {F59D7708-071E-4335-969B-7BC3210C5B21}.Release|Any CPU.Build.0 = Release|Any CPU
  EndGlobalSection
  GlobalSection(SolutionProperties) = preSolution
    HideSolutionNode = FALSE
  EndGlobalSection
EndGlobal
